
Microsoft Visual Studio Solution File, Format Version 11.00
# Visual Studio 2010
Project("{FAE04EC0-301F-11D3-BF4B-00C04F79EFBC}") = "SafeGuardServerAPI", "SafeGuardServerAPI\SafeGuardServerAPI.csproj", "{26473D92-174E-4252-82E0-1CCF7D63F3DB}"
EndProject
Global
	GlobalSection(SolutionConfigurationPlatforms) = preSolution
		Debug|Any CPU = Debug|Any CPU
		Release|Any CPU = Release|Any CPU
	EndGlobalSection
	GlobalSection(ProjectConfigurationPlatforms) = postSolution
		{26473D92-174E-4252-82E0-1CCF7D63F3DB}.Debug|Any CPU.ActiveCfg = Debug|Any CPU
		{26473D92-174E-4252-82E0-1CCF7D63F3DB}.Debug|Any CPU.Build.0 = Debug|Any CPU
		{26473D92-174E-4252-82E0-1CCF7D63F3DB}.Release|Any CPU.ActiveCfg = Release|Any CPU
		{26473D92-174E-4252-82E0-1CCF7D63F3DB}.Release|Any CPU.Build.0 = Release|Any CPU
	EndGlobalSection
	GlobalSection(SolutionProperties) = preSolution
		HideSolutionNode = FALSE
	EndGlobalSection
EndGlobal
